// !$*UTF8*$!
{
	archiveVersion = 1;
	classes = {
	};
	objectVersion = 56;
	objects = {

/* Begin PBXBuildFile section */
		06E5F6672ABD8D6C00FFCEE5 /* AppDelegate.swift in Sources */ = {isa = PBXBuildFile; fileRef = 06E5F6662ABD8D6C00FFCEE5 /* AppDelegate.swift */; };
		06E5F6692ABD8D6C00FFCEE5 /* SceneDelegate.swift in Sources */ = {isa = PBXBuildFile; fileRef = 06E5F6682ABD8D6C00FFCEE5 /* SceneDelegate.swift */; };
		06E5F66B2ABD8D6C00FFCEE5 /* ViewController.swift in Sources */ = {isa = PBXBuildFile; fileRef = 06E5F66A2ABD8D6C00FFCEE5 /* ViewController.swift */; };
		06E5F66E2ABD8D6C00FFCEE5 /* Main.storyboard in Resources */ = {isa = PBXBuildFile; fileRef = 06E5F66C2ABD8D6C00FFCEE5 /* Main.storyboard */; };
		06E5F6702ABD8D6D00FFCEE5 /* Assets.xcassets in Resources */ = {isa = PBXBuildFile; fileRef = 06E5F66F2ABD8D6D00FFCEE5 /* Assets.xcassets */; };
		06E5F6732ABD8D6D00FFCEE5 /* LaunchScreen.storyboard in Resources */ = {isa = PBXBuildFile; fileRef = 06E5F6712ABD8D6D00FFCEE5 /* LaunchScreen.storyboard */; };
/* End PBXBuildFile section */

/* Begin PBXFileReference section */
		06E5F6632ABD8D6C00FFCEE5 /* 76-Lesson-HW-News.app */ = {isa = PBXFileReference; explicitFileType = wrapper.application; includeInIndex = 0; path = "76-Lesson-HW-News.app"; sourceTree = BUILT_PRODUCTS_DIR; };
		06E5F6662ABD8D6C00FFCEE5 /* AppDelegate.swift */ = {isa = PBXFileReference; lastKnownFileType = sourcecode.swift; path = AppDelegate.swift; sourceTree = "<group>"; };
		06E5F6682ABD8D6C00FFCEE5 /* SceneDelegate.swift */ = {isa = PBXFileReference; lastKnownFileType = sourcecode.swift; path = SceneDelegate.swift; sourceTree = "<group>"; };
		06E5F66A2ABD8D6C00FFCEE5 /* ViewController.swift */ = {isa = PBXFileReference; lastKnownFileType = sourcecode.swift; path = ViewController.swift; sourceTree = "<group>"; };
		06E5F66D2ABD8D6C00FFCEE5 /* Base */ = {isa = PBXFileReference; lastKnownFileType = file.storyboard; name = Base; path = Base.lproj/Main.storyboard; sourceTree = "<group>"; };
		06E5F66F2ABD8D6D00FFCEE5 /* Assets.xcassets */ = {isa = PBXFileReference; lastKnownFileType = folder.assetcatalog; path = Assets.xcassets; sourceTree = "<group>"; };
		06E5F6722ABD8D6D00FFCEE5 /* Base */ = {isa = PBXFileReference; lastKnownFileType = file.storyboard; name = Base; path = Base.lproj/LaunchScreen.storyboard; sourceTree = "<group>"; };
		06E5F6742ABD8D6D00FFCEE5 /* Info.plist */ = {isa = PBXFileReference; lastKnownFileType = text.plist.xml; path = Info.plist; sourceTree = "<group>"; };
/* End PBXFileReference section */

/* Begin PBXFrameworksBuildPhase section */
		06E5F6602ABD8D6C00FFCEE5 /* Frameworks */ = {
			isa = PBXFrameworksBuildPhase;
			buildActionMask = 2147483647;
			files = (
			);
			runOnlyForDeploymentPostprocessing = 0;
		};
/* End PBXFrameworksBuildPhase section */

/* Begin PBXGroup section */
		06E5F65A2ABD8D6C00FFCEE5 = {
			isa = PBXGroup;
			children = (
				06E5F6652ABD8D6C00FFCEE5 /* 76-Lesson-HW-News */,
				06E5F6642ABD8D6C00FFCEE5 /* Products */,
			);
			sourceTree = "<group>";
		};
		06E5F6642ABD8D6C00FFCEE5 /* Products */ = {
			isa = PBXGroup;
			children = (
				06E5F6632ABD8D6C00FFCEE5 /* 76-Lesson-HW-News.app */,
			);
			name = Products;
			sourceTree = "<group>";
		};
		06E5F6652ABD8D6C00FFCEE5 /* 76-Lesson-HW-News */ = {
			isa = PBXGroup;
			children = (
				06E5F6662ABD8D6C00FFCEE5 /* AppDelegate.swift */,
				06E5F6682ABD8D6C00FFCEE5 /* SceneDelegate.swift */,
				06E5F66A2ABD8D6C00FFCEE5 /* ViewController.swift */,
				06E5F66C2ABD8D6C00FFCEE5 /* Main.storyboard */,
				06E5F66F2ABD8D6D00FFCEE5 /* Assets.xcassets */,
				06E5F6712ABD8D6D00FFCEE5 /* LaunchScreen.storyboard */,
				06E5F6742ABD8D6D00FFCEE5 /* Info.plist */,
			);
			path = "76-Lesson-HW-News";
			sourceTree = "<group>";
		};
/* End PBXGroup section */

/* Begin PBXNativeTarget section */
		06E5F6622ABD8D6C00FFCEE5 /* 76-Lesson-HW-News */ = {
			isa = PBXNativeTarget;
			buildConfigurationList = 06E5F6772ABD8D6D00FFCEE5 /* Build configuration list for PBXNativeTarget "76-Lesson-HW-News" */;
			buildPhases = (
				06E5F65F2ABD8D6C00FFCEE5 /* Sources */,
				06E5F6602ABD8D6C00FFCEE5 /* Frameworks */,
				06E5F6612ABD8D6C00FFCEE5 /* Resources */,
			);
			buildRules = (
			);
			dependencies = (
			);
			name = "76-Lesson-HW-News";
			productName = "76-Lesson-HW-News";
			productReference = 06E5F6632ABD8D6C00FFCEE5 /* 76-Lesson-HW-News.app */;
			productType = "com.apple.product-type.application";
		};
/* End PBXNativeTarget section */

/* Begin PBXProject section */
		06E5F65B2ABD8D6C00FFCEE5 /* Project object */ = {
			isa = PBXProject;
			attributes = {
				BuildIndependentTargetsInParallel = 1;
				LastSwiftUpdateCheck = 1430;
				LastUpgradeCheck = 1430;
				TargetAttributes = {
					06E5F6622ABD8D6C00FFCEE5 = {
						CreatedOnToolsVersion = 14.3.1;
					};
				};
			};
			buildConfigurationList = 06E5F65E2ABD8D6C00FFCEE5 /* Build configuration list for PBXProject "76-Lesson-HW-News" */;
			compatibilityVersion = "Xcode 14.0";
			developmentRegion = en;
			hasScannedForEncodings = 0;
			knownRegions = (
				en,
				Base,
			);
			mainGroup = 06E5F65A2ABD8D6C00FFCEE5;
			productRefGroup = 06E5F6642ABD8D6C00FFCEE5 /* Products */;
			projectDirPath = "";
			projectRoot = "";
			targets = (
				06E5F6622ABD8D6C00FFCEE5 /* 76-Lesson-HW-News */,
			);
		};
/* End PBXProject section */

/* Begin PBXResourcesBuildPhase section */
		06E5F6612ABD8D6C00FFCEE5 /* Resources */ = {
			isa = PBXResourcesBuildPhase;
			buildActionMask = 2147483647;
			files = (
				06E5F6732ABD8D6D00FFCEE5 /* LaunchScreen.storyboard in Resources */,
				06E5F6702ABD8D6D00FFCEE5 /* Assets.xcassets in Resources */,
				06E5F66E2ABD8D6C00FFCEE5 /* Main.storyboard in Resources */,
			);
			runOnlyForDeploymentPostprocessing = 0;
		};
/* End PBXResourcesBuildPhase section */

/* Begin PBXSourcesBuildPhase section */
		06E5F65F2ABD8D6C00FFCEE5 /* Sources */ = {
			isa = PBXSourcesBuildPhase;
			buildActionMask = 2147483647;
			files = (
				06E5F66B2ABD8D6C00FFCEE5 /* ViewController.swift in Sources */,
				06E5F6672ABD8D6C00FFCEE5 /* AppDelegate.swift in Sources */,
				06E5F6692ABD8D6C00FFCEE5 /* SceneDelegate.swift in Sources */,
			);
			runOnlyForDeploymentPostprocessing = 0;
		};
/* End PBXSourcesBuildPhase section */

/* Begin PBXVariantGroup section */
		06E5F66C2ABD8D6C00FFCEE5 /* Main.storyboard */ = {
			isa = PBXVariantGroup;
			children = (
				06E5F66D2ABD8D6C00FFCEE5 /* Base */,
			);
			name = Main.storyboard;
			sourceTree = "<group>";
		};
		06E5F6712ABD8D6D00FFCEE5 /* LaunchScreen.storyboard */ = {
			isa = PBXVariantGroup;
			children = (
				06E5F6722ABD8D6D00FFCEE5 /* Base */,
			);
			name = LaunchScreen.storyboard;
			sourceTree = "<group>";
		};
/* End PBXVariantGroup section */

/* Begin XCBuildConfiguration section */
		06E5F6752ABD8D6D00FFCEE5 /* Debug */ = {
			isa = XCBuildConfiguration;
			buildSettings = {
				ALWAYS_SEARCH_USER_PATHS = NO;
				CLANG_ANALYZER_NONNULL = YES;
				CLANG_ANALYZER_NUMBER_OBJECT_CONVERSION = YES_AGGRESSIVE;
				CLANG_CXX_LANGUAGE_STANDARD = "gnu++20";
				CLANG_ENABLE_MODULES = YES;
				CLANG_ENABLE_OBJC_ARC = YES;
				CLANG_ENABLE_OBJC_WEAK = YES;
				CLANG_WARN_BLOCK_CAPTURE_AUTORELEASING = YES;
				CLANG_WARN_BOOL_CONVERSION = YES;
				CLANG_WARN_COMMA = YES;
				CLANG_WARN_CONSTANT_CONVERSION = YES;
				CLANG_WARN_DEPRECATED_OBJC_IMPLEMENTATIONS = YES;
				CLANG_WARN_DIRECT_OBJC_ISA_USAGE = YES_ERROR;
				CLANG_WARN_DOCUMENTATION_COMMENTS = YES;
				CLANG_WARN_EMPTY_BODY = YES;
				CLANG_WARN_ENUM_CONVERSION = YES;
				CLANG_WARN_INFINITE_RECURSION = YES;
				CLANG_WARN_INT_CONVERSION = YES;
				CLANG_WARN_NON_LITERAL_NULL_CONVERSION = YES;
				CLANG_WARN_OBJC_IMPLICIT_RETAIN_SELF = YES;
				CLANG_WARN_OBJC_LITERAL_CONVERSION = YES;
				CLANG_WARN_OBJC_ROOT_CLASS = YES_ERROR;
				CLANG_WARN_QUOTED_INCLUDE_IN_FRAMEWORK_HEADER = YES;
				CLANG_WARN_RANGE_LOOP_ANALYSIS = YES;
				CLANG_WARN_STRICT_PROTOTYPES = YES;
				CLANG_WARN_SUSPICIOUS_MOVE = YES;
				CLANG_WARN_UNGUARDED_AVAILABILITY = YES_AGGRESSIVE;
				CLANG_WARN_UNREACHABLE_CODE = YES;
				CLANG_WARN__DUPLICATE_METHOD_MATCH = YES;
				COPY_PHASE_STRIP = NO;
				DEBUG_INFORMATION_FORMAT = dwarf;
				ENABLE_STRICT_OBJC_MSGSEND = YES;
				ENABLE_TESTABILITY = YES;
				GCC_C_LANGUAGE_STANDARD = gnu11;
				GCC_DYNAMIC_NO_PIC = NO;
				GCC_NO_COMMON_BLOCKS = YES;
				GCC_OPTIMIZATION_LEVEL = 0;
				GCC_PREPROCESSOR_DEFINITIONS = (
					"DEBUG=1",
					"$(inherited)",
				);
				GCC_WARN_64_TO_32_BIT_CONVERSION = YES;
				GCC_WARN_ABOUT_RETURN_TYPE = YES_ERROR;
				GCC_WARN_UNDECLARED_SELECTOR = YES;
				GCC_WARN_UNINITIALIZED_AUTOS = YES_AGGRESSIVE;
				GCC_WARN_UNUSED_FUNCTION = YES;
				GCC_WARN_UNUSED_VARIABLE = YES;
				IPHONEOS_DEPLOYMENT_TARGET = 16.4;
				MTL_ENABLE_DEBUG_INFO = INCLUDE_SOURCE;
				MTL_FAST_MATH = YES;
				ONLY_ACTIVE_ARCH = YES;
				SDKROOT = iphoneos;
				SWIFT_ACTIVE_COMPILATION_CONDITIONS = DEBUG;
				SWIFT_OPTIMIZATION_LEVEL = "-Onone";
			};
			name = Debug;
		};
		06E5F6762ABD8D6D00FFCEE5 /* Release */ = {
			isa = XCBuildConfiguration;
			buildSettings = {
				ALWAYS_SEARCH_USER_PATHS = NO;
				CLANG_ANALYZER_NONNULL = YES;
				CLANG_ANALYZER_NUMBER_OBJECT_CONVERSION = YES_AGGRESSIVE;
				CLANG_CXX_LANGUAGE_STANDARD = "gnu++20";
				CLANG_ENABLE_MODULES = YES;
				CLANG_ENABLE_OBJC_ARC = YES;
				CLANG_ENABLE_OBJC_WEAK = YES;
				CLANG_WARN_BLOCK_CAPTURE_AUTORELEASING = YES;
				CLANG_WARN_BOOL_CONVERSION = YES;
				CLANG_WARN_COMMA = YES;
				CLANG_WARN_CONSTANT_CONVERSION = YES;
				CLANG_WARN_DEPRECATED_OBJC_IMPLEMENTATIONS = YES;
				CLANG_WARN_DIRECT_OBJC_ISA_USAGE = YES_ERROR;
				CLANG_WARN_DOCUMENTATION_COMMENTS = YES;
				CLANG_WARN_EMPTY_BODY = YES;
				CLANG_WARN_ENUM_CONVERSION = YES;
				CLANG_WARN_INFINITE_RECURSION = YES;
				CLANG_WARN_INT_CONVERSION = YES;
				CLANG_WARN_NON_LITERAL_NULL_CONVERSION = YES;
				CLANG_WARN_OBJC_IMPLICIT_RETAIN_SELF = YES;
				CLANG_WARN_OBJC_LITERAL_CONVERSION = YES;
				CLANG_WARN_OBJC_ROOT_CLASS = YES_ERROR;
				CLANG_WARN_QUOTED_INCLUDE_IN_FRAMEWORK_HEADER = YES;
				CLANG_WARN_RANGE_LOOP_ANALYSIS = YES;
				CLANG_WARN_STRICT_PROTOTYPES = YES;
				CLANG_WARN_SUSPICIOUS_MOVE = YES;
				CLANG_WARN_UNGUARDED_AVAILABILITY = YES_AGGRESSIVE;
				CLANG_WARN_UNREACHABLE_CODE = YES;
				CLANG_WARN__DUPLICATE_METHOD_MATCH = YES;
				COPY_PHASE_STRIP = NO;
				DEBUG_INFORMATION_FORMAT = "dwarf-with-dsym";
				ENABLE_NS_ASSERTIONS = NO;
				ENABLE_STRICT_OBJC_MSGSEND = YES;
				GCC_C_LANGUAGE_STANDARD = gnu11;
				GCC_NO_COMMON_BLOCKS = YES;
				GCC_WARN_64_TO_32_BIT_CONVERSION = YES;
				GCC_WARN_ABOUT_RETURN_TYPE = YES_ERROR;
				GCC_WARN_UNDECLARED_SELECTOR = YES;
				GCC_WARN_UNINITIALIZED_AUTOS = YES_AGGRESSIVE;
				GCC_WARN_UNUSED_FUNCTION = YES;
				GCC_WARN_UNUSED_VARIABLE = YES;
				IPHONEOS_DEPLOYMENT_TARGET = 16.4;
				MTL_ENABLE_DEBUG_INFO = NO;
				MTL_FAST_MATH = YES;
				SDKROOT = iphoneos;
				SWIFT_COMPILATION_MODE = wholemodule;
				SWIFT_OPTIMIZATION_LEVEL = "-O";
				VALIDATE_PRODUCT = YES;
			};
			name = Release;
		};
		06E5F6782ABD8D6D00FFCEE5 /* Debug */ = {
			isa = XCBuildConfiguration;
			buildSettings = {
				ASSETCATALOG_COMPILER_APPICON_NAME = AppIcon;
				ASSETCATALOG_COMPILER_GLOBAL_ACCENT_COLOR_NAME = AccentColor;
				CODE_SIGN_STYLE = Automatic;
				CURRENT_PROJECT_VERSION = 1;
				GENERATE_INFOPLIST_FILE = YES;
				INFOPLIST_FILE = "76-Lesson-HW-News/Info.plist";
				INFOPLIST_KEY_UIApplicationSupportsIndirectInputEvents = YES;
				INFOPLIST_KEY_UILaunchStoryboardName = LaunchScreen;
				INFOPLIST_KEY_UIMainStoryboardFile = Main;
				INFOPLIST_KEY_UISupportedInterfaceOrientations_iPad = "UIInterfaceOrientationPortrait UIInterfaceOrientationPortraitUpsideDown UIInterfaceOrientationLandscapeLeft UIInterfaceOrientationLandscapeRight";
				INFOPLIST_KEY_UISupportedInterfaceOrientations_iPhone = "UIInterfaceOrientationPortrait UIInterfaceOrientationLandscapeLeft UIInterfaceOrientationLandscapeRight";
				LD_RUNPATH_SEARCH_PATHS = (
					"$(inherited)",
					"@executable_path/Frameworks",
				);
				MARKETING_VERSION = 1.0;
				PRODUCT_BUNDLE_IDENTIFIER = "Abbos.-6-Lesson-HW-News";
				PRODUCT_NAME = "$(TARGET_NAME)";
				SWIFT_EMIT_LOC_STRINGS = YES;
				SWIFT_VERSION = 5.0;
				TARGETED_DEVICE_FAMILY = "1,2";
			};
			name = Debug;
		};
		06E5F6792ABD8D6D00FFCEE5 /* Release */ = {
			isa = XCBuildConfiguration;
			buildSettings = {
				ASSETCATALOG_COMPILER_APPICON_NAME = AppIcon;
				ASSETCATALOG_COMPILER_GLOBAL_ACCENT_COLOR_NAME = AccentColor;
				CODE_SIGN_STYLE = Automatic;
				CURRENT_PROJECT_VERSION = 1;
				GENERATE_INFOPLIST_FILE = YES;
				INFOPLIST_FILE = "76-Lesson-HW-News/Info.plist";
				INFOPLIST_KEY_UIApplicationSupportsIndirectInputEvents = YES;
				INFOPLIST_KEY_UILaunchStoryboardName = LaunchScreen;
				INFOPLIST_KEY_UIMainStoryboardFile = Main;
				INFOPLIST_KEY_UISupportedInterfaceOrientations_iPad = "UIInterfaceOrientationPortrait UIInterfaceOrientationPortraitUpsideDown UIInterfaceOrientationLandscapeLeft UIInterfaceOrientationLandscapeRight";
				INFOPLIST_KEY_UISupportedInterfaceOrientations_iPhone = "UIInterfaceOrientationPortrait UIInterfaceOrientationLandscapeLeft UIInterfaceOrientationLandscapeRight";
				LD_RUNPATH_SEARCH_PATHS = (
					"$(inherited)",
					"@executable_path/Frameworks",
				);
				MARKETING_VERSION = 1.0;
				PRODUCT_BUNDLE_IDENTIFIER = "Abbos.-6-Lesson-HW-News";
				PRODUCT_NAME = "$(TARGET_NAME)";
				SWIFT_EMIT_LOC_STRINGS = YES;
				SWIFT_VERSION = 5.0;
				TARGETED_DEVICE_FAMILY = "1,2";
			};
			name = Release;
		};
/* End XCBuildConfiguration section */

/* Begin XCConfigurationList section */
		06E5F65E2ABD8D6C00FFCEE5 /* Build configuration list for PBXProject "76-Lesson-HW-News" */ = {
			isa = XCConfigurationList;
			buildConfigurations = (
				06E5F6752ABD8D6D00FFCEE5 /* Debug */,
				06E5F6762ABD8D6D00FFCEE5 /* Release */,
			);
			defaultConfigurationIsVisible = 0;
			defaultConfigurationName = Release;
		};
		06E5F6772ABD8D6D00FFCEE5 /* Build configuration list for PBXNativeTarget "76-Lesson-HW-News" */ = {
			isa = XCConfigurationList;
			buildConfigurations = (
				06E5F6782ABD8D6D00FFCEE5 /* Debug */,
				06E5F6792ABD8D6D00FFCEE5 /* Release */,
			);
			defaultConfigurationIsVisible = 0;
			defaultConfigurationName = Release;
		};
/* End XCConfigurationList section */
	};
	rootObject = 06E5F65B2ABD8D6C00FFCEE5 /* Project object */;
}
